apiVersion: vendir.k14s.io/v1alpha1
directories:
- contents:
  - git:
      commitTitle: Remove stale document metadata agent (#444)
      sha: 295520a399974a2431e0096cc3eb4548ba23eb55
      tags:
      - v2026.09.28
    path: .
  path: charts
- contents:
  - git:
      commitTitle: Remove stale document metadata agent (#444)
      sha: 295520a399974a2431e0096cc3eb4548ba23eb55
      tags:
      - v2026.09.28
    path: .
  path: scripts
- contents:
  - git:
      commitTitle: Remove stale document metadata agent (#444)
      sha: 295520a399974a2431e0096cc3eb4548ba23eb55
      tags:
      - v2026.09.28
    path: .
  path: .github/workflows
- contents:
  - git:
      commitTitle: Remove stale document metadata agent (#444)
      sha: 295520a399974a2431e0096cc3eb4548ba23eb55
      tags:
      - v2026.09.28
    path: .
  path: .vendir-staging/root
kind: LockConfig
