apiVersion: vendir.k14s.io/v1alpha1
directories:
- contents:
  - git:
      commitTitle: Support CTEs (#418)...
      sha: 72a7ae0e64d49f06609606739ae5909247f7fa6a
      tags:
      - v2026.09.16
    path: .
  path: charts
- contents:
  - git:
      commitTitle: Support CTEs (#418)...
      sha: 72a7ae0e64d49f06609606739ae5909247f7fa6a
      tags:
      - v2026.09.16
    path: .
  path: scripts
- contents:
  - git:
      commitTitle: Support CTEs (#418)...
      sha: 72a7ae0e64d49f06609606739ae5909247f7fa6a
      tags:
      - v2026.09.16
    path: .
  path: .github/workflows
- contents:
  - git:
      commitTitle: Support CTEs (#418)...
      sha: 72a7ae0e64d49f06609606739ae5909247f7fa6a
      tags:
      - v2026.09.16
    path: .
  path: .vendir-staging/root
kind: LockConfig
