apiVersion: vendir.k14s.io/v1alpha1
directories:
- contents:
  - git:
      commitTitle: 'ENH: Add auth secret to callback-delivery and data-ingestor (#458)...'
      sha: c26172190345804e36193052dcd862d4e6e1f02d
      tags:
      - v2026.10.06
    path: .
  path: charts
- contents:
  - git:
      commitTitle: 'ENH: Add auth secret to callback-delivery and data-ingestor (#458)...'
      sha: c26172190345804e36193052dcd862d4e6e1f02d
      tags:
      - v2026.10.06
    path: .
  path: scripts
- contents:
  - git:
      commitTitle: 'ENH: Add auth secret to callback-delivery and data-ingestor (#458)...'
      sha: c26172190345804e36193052dcd862d4e6e1f02d
      tags:
      - v2026.10.06
    path: .
  path: .github/workflows
- contents:
  - git:
      commitTitle: 'ENH: Add auth secret to callback-delivery and data-ingestor (#458)...'
      sha: c26172190345804e36193052dcd862d4e6e1f02d
      tags:
      - v2026.10.06
    path: .
  path: .vendir-staging/root
kind: LockConfig
